
Microsoft Visual Studio Solution File, Format Version 12.00
# Visual Studio Version 17
VisualStudioVersion = 17.1.32210.238
MinimumVisualStudioVersion = 10.0.40219.1
Project("{9A19103F-16F7-4668-BE54-9A1E7A4F7556}") = "PatternMatchingRefactoringProvider", "PatternMatchingRefactoringProvider\PatternMatchingRefactoringProvider\PatternMatchingRefactoringProvider.csproj", "{949CBE1F-1AC4-49F5-AC65-B37BB459BB0A}"
EndProject
Project("{FAE04EC0-301F-11D3-BF4B-00C04F79EFBC}") = "PatternMatchingRefactoringProvider.Vsix", "PatternMatchingRefactoringProvider\PatternMatchingRefactoringProvider.Vsix\PatternMatchingRefactoringProvider.Vsix.csproj", "{F826B895-C684-4B8B-BA33-A60CECDFDEF1}"
EndProject
Project("{FAE04EC0-301F-11D3-BF4B-00C04F79EFBC}") = "PatternMatchingRefactoringProviderVS2022", "PatternMatchingRefactoringProviderVS2022\PatternMatchingRefactoringProviderVS2022\PatternMatchingRefactoringProviderVS2022.csproj", "{6C97812C-D59D-4C4F-A065-60CF71FE3273}"
EndProject
Project("{FAE04EC0-301F-11D3-BF4B-00C04F79EFBC}") = "PatternMatchingRefactoringProviderVS2022.Vsix", "PatternMatchingRefactoringProviderVS2022\PatternMatchingRefactoringProviderVS2022.Vsix\PatternMatchingRefactoringProviderVS2022.Vsix.csproj", "{9DEA09BB-D1F2-4C5C-83E6-8654C766D3A9}"
EndProject
Global
	GlobalSection(SolutionConfigurationPlatforms) = preSolution
		Debug|Any CPU = Debug|Any CPU
		Release|Any CPU = Release|Any CPU
	EndGlobalSection
	GlobalSection(ProjectConfigurationPlatforms) = postSolution
		{949CBE1F-1AC4-49F5-AC65-B37BB459BB0A}.Debug|Any CPU.ActiveCfg = Debug|Any CPU
		{949CBE1F-1AC4-49F5-AC65-B37BB459BB0A}.Debug|Any CPU.Build.0 = Debug|Any CPU
		{949CBE1F-1AC4-49F5-AC65-B37BB459BB0A}.Release|Any CPU.ActiveCfg = Release|Any CPU
		{949CBE1F-1AC4-49F5-AC65-B37BB459BB0A}.Release|Any CPU.Build.0 = Release|Any CPU
		{F826B895-C684-4B8B-BA33-A60CECDFDEF1}.Debug|Any CPU.ActiveCfg = Debug|Any CPU
		{F826B895-C684-4B8B-BA33-A60CECDFDEF1}.Debug|Any CPU.Build.0 = Debug|Any CPU
		{F826B895-C684-4B8B-BA33-A60CECDFDEF1}.Release|Any CPU.ActiveCfg = Release|Any CPU
		{F826B895-C684-4B8B-BA33-A60CECDFDEF1}.Release|Any CPU.Build.0 = Release|Any CPU
		{6C97812C-D59D-4C4F-A065-60CF71FE3273}.Debug|Any CPU.ActiveCfg = Debug|Any CPU
		{6C97812C-D59D-4C4F-A065-60CF71FE3273}.Debug|Any CPU.Build.0 = Debug|Any CPU
		{6C97812C-D59D-4C4F-A065-60CF71FE3273}.Release|Any CPU.ActiveCfg = Release|Any CPU
		{6C97812C-D59D-4C4F-A065-60CF71FE3273}.Release|Any CPU.Build.0 = Release|Any CPU
		{9DEA09BB-D1F2-4C5C-83E6-8654C766D3A9}.Debug|Any CPU.ActiveCfg = Debug|Any CPU
		{9DEA09BB-D1F2-4C5C-83E6-8654C766D3A9}.Debug|Any CPU.Build.0 = Debug|Any CPU
		{9DEA09BB-D1F2-4C5C-83E6-8654C766D3A9}.Release|Any CPU.ActiveCfg = Release|Any CPU
		{9DEA09BB-D1F2-4C5C-83E6-8654C766D3A9}.Release|Any CPU.Build.0 = Release|Any CPU
	EndGlobalSection
	GlobalSection(SolutionProperties) = preSolution
		HideSolutionNode = FALSE
	EndGlobalSection
	GlobalSection(ExtensibilityGlobals) = postSolution
		SolutionGuid = {5459F305-F4A2-4091-AC61-BEFA9120D0FC}
	EndGlobalSection
EndGlobal
